// !$*UTF8*$!
{
	archiveVersion = 1;
	classes = {
	};
	objectVersion = 46;
	objects = {

/* Begin PBXBuildFile section */
		AC7FE1EAC91A07C4B9ACDC6B /* Pods_Twitter.framework in Frameworks */ = {isa = PBXBuildFile; fileRef = F3FBBB9C12FAAF8185F5A3AB /* Pods_Twitter.framework */; settings = {ATTRIBUTES = (Weak, ); }; };
		E42A6F531C7827EE003A136F /* User.swift in Sources */ = {isa = PBXBuildFile; fileRef = E42A6F521C7827EE003A136F /* User.swift */; };
		E42A6F551C7827F8003A136F /* Tweet.swift in Sources */ = {isa = PBXBuildFile; fileRef = E42A6F541C7827F8003A136F /* Tweet.swift */; };
		E42A6F571C78F176003A136F /* TweetsViewController.swift in Sources */ = {isa = PBXBuildFile; fileRef = E42A6F561C78F176003A136F /* TweetsViewController.swift */; };
		E42A6F5A1C792CCE003A136F /* CustomTableViewCell.swift in Sources */ = {isa = PBXBuildFile; fileRef = E42A6F591C792CCE003A136F /* CustomTableViewCell.swift */; };
		E42A6F5C1C796C94003A136F /* like-action-pink.png in Resources */ = {isa = PBXBuildFile; fileRef = E42A6F5B1C796C94003A136F /* like-action-pink.png */; };
		E42A6F5F1C796CAB003A136F /* like-action-grey.png in Resources */ = {isa = PBXBuildFile; fileRef = E42A6F5E1C796CAB003A136F /* like-action-grey.png */; };
		E4449CC41C71609600EDE7F2 /* AppDelegate.swift in Sources */ = {isa = PBXBuildFile; fileRef = E4449CC31C71609600EDE7F2 /* AppDelegate.swift */; };
		E4449CC61C71609600EDE7F2 /* ViewController.swift in Sources */ = {isa = PBXBuildFile; fileRef = E4449CC51C71609600EDE7F2 /* ViewController.swift */; };
		E4449CC91C71609600EDE7F2 /* Main.storyboard in Resources */ = {isa = PBXBuildFile; fileRef = E4449CC71C71609600EDE7F2 /* Main.storyboard */; };
		E4449CCB1C71609600EDE7F2 /* Assets.xcassets in Resources */ = {isa = PBXBuildFile; fileRef = E4449CCA1C71609600EDE7F2 /* Assets.xcassets */; };
		E4449CCE1C71609600EDE7F2 /* LaunchScreen.storyboard in Resources */ = {isa = PBXBuildFile; fileRef = E4449CCC1C71609600EDE7F2 /* LaunchScreen.storyboard */; };
		E4449CD71C71645000EDE7F2 /* TwitterClient.swift in Sources */ = {isa = PBXBuildFile; fileRef = E4449CD61C71645000EDE7F2 /* TwitterClient.swift */; };
		E4BF74B71C81272A00EB7D9F /* TweetsDetailViewController.swift in Sources */ = {isa = PBXBuildFile; fileRef = E4BF74B61C81272A00EB7D9F /* TweetsDetailViewController.swift */; };
		E4BF74B91C81515600EB7D9F /* reply-action_0.png in Resources */ = {isa = PBXBuildFile; fileRef = E4BF74B81C81515600EB7D9F /* reply-action_0.png */; };
		E4DD189E1C81B63800061068 /* ProfileViewController.swift in Sources */ = {isa = PBXBuildFile; fileRef = E4DD189D1C81B63800061068 /* ProfileViewController.swift */; };
		E4DD18A01C82CDDA00061068 /* ComposeViewController.swift in Sources */ = {isa = PBXBuildFile; fileRef = E4DD189F1C82CDDA00061068 /* ComposeViewController.swift */; };
		E4E4DCCF1C796F4500278E89 /* retweet-action-green.png in Resources */ = {isa = PBXBuildFile; fileRef = E4E4DCCD1C796F4500278E89 /* retweet-action-green.png */; };
		E4E4DCD01C796F4500278E89 /* retweet-action-grey.png in Resources */ = {isa = PBXBuildFile; fileRef = E4E4DCCE1C796F4500278E89 /* retweet-action-grey.png */; };
/* End PBXBuildFile section */

/* Begin PBXFileReference section */
		267B8EFAA255E31B78AFE373 /* Pods-Twitter.release.xcconfig */ = {isa = PBXFileReference; includeInIndex = 1; lastKnownFileType = text.xcconfig; name = "Pods-Twitter.release.xcconfig"; path = "Pods/Target Support Files/Pods-Twitter/Pods-Twitter.release.xcconfig"; sourceTree = "<group>"; };
		CC4B25D9EE858EE65F288E24 /* Pods-Twitter.debug.xcconfig */ = {isa = PBXFileReference; includeInIndex = 1; lastKnownFileType = text.xcconfig; name = "Pods-Twitter.debug.xcconfig"; path = "Pods/Target Support Files/Pods-Twitter/Pods-Twitter.debug.xcconfig"; sourceTree = "<group>"; };
		E42A6F521C7827EE003A136F /* User.swift */ = {isa = PBXFileReference; fileEncoding = 4; lastKnownFileType = sourcecode.swift; path = User.swift; sourceTree = "<group>"; };
		E42A6F541C7827F8003A136F /* Tweet.swift */ = {isa = PBXFileReference; fileEncoding = 4; lastKnownFileType = sourcecode.swift; path = Tweet.swift; sourceTree = "<group>"; };
		E42A6F561C78F176003A136F /* TweetsViewController.swift */ = {isa = PBXFileReference; fileEncoding = 4; lastKnownFileType = sourcecode.swift; path = TweetsViewController.swift; sourceTree = "<group>"; };
		E42A6F591C792CCE003A136F /* CustomTableViewCell.swift */ = {isa = PBXFileReference; fileEncoding = 4; lastKnownFileType = sourcecode.swift; path = CustomTableViewCell.swift; sourceTree = "<group>"; };
		E42A6F5B1C796C94003A136F /* like-action-pink.png */ = {isa = PBXFileReference; lastKnownFileType = image.png; path = "like-action-pink.png"; sourceTree = "<group>"; };
		E42A6F5E1C796CAB003A136F /* like-action-grey.png */ = {isa = PBXFileReference; lastKnownFileType = image.png; path = "like-action-grey.png"; sourceTree = "<group>"; };
		E4449CC01C71609600EDE7F2 /* Twitter.app */ = {isa = PBXFileReference; explicitFileType = wrapper.application; includeInIndex = 0; path = Twitter.app; sourceTree = BUILT_PRODUCTS_DIR; };
		E4449CC31C71609600EDE7F2 /* AppDelegate.swift */ = {isa = PBXFileReference; lastKnownFileType = sourcecode.swift; path = AppDelegate.swift; sourceTree = "<group>"; };
		E4449CC51C71609600EDE7F2 /* ViewController.swift */ = {isa = PBXFileReference; lastKnownFileType = sourcecode.swift; path = ViewController.swift; sourceTree = "<group>"; };
		E4449CC81C71609600EDE7F2 /* Base */ = {isa = PBXFileReference; lastKnownFileType = file.storyboard; name = Base; path = Base.lproj/Main.storyboard; sourceTree = "<group>"; };
		E4449CCA1C71609600EDE7F2 /* Assets.xcassets */ = {isa = PBXFileReference; lastKnownFileType = folder.assetcatalog; path = Assets.xcassets; sourceTree = "<group>"; };
		E4449CCD1C71609600EDE7F2 /* Base */ = {isa = PBXFileReference; lastKnownFileType = file.storyboard; name = Base; path = Base.lproj/LaunchScreen.storyboard; sourceTree = "<group>"; };
		E4449CCF1C71609600EDE7F2 /* Info.plist */ = {isa = PBXFileReference; lastKnownFileType = text.plist.xml; path = Info.plist; sourceTree = "<group>"; };
		E4449CD61C71645000EDE7F2 /* TwitterClient.swift */ = {isa = PBXFileReference; fileEncoding = 4; lastKnownFileType = sourcecode.swift; path = TwitterClient.swift; sourceTree = "<group>"; };
		E4BF74B61C81272A00EB7D9F /* TweetsDetailViewController.swift */ = {isa = PBXFileReference; fileEncoding = 4; lastKnownFileType = sourcecode.swift; path = TweetsDetailViewController.swift; sourceTree = "<group>"; };
		E4BF74B81C81515600EB7D9F /* reply-action_0.png */ = {isa = PBXFileReference; lastKnownFileType = image.png; path = "reply-action_0.png"; sourceTree = "<group>"; };
		E4DD189D1C81B63800061068 /* ProfileViewController.swift */ = {isa = PBXFileReference; fileEncoding = 4; lastKnownFileType = sourcecode.swift; path = ProfileViewController.swift; sourceTree = "<group>"; };
		E4DD189F1C82CDDA00061068 /* ComposeViewController.swift */ = {isa = PBXFileReference; fileEncoding = 4; lastKnownFileType = sourcecode.swift; path = ComposeViewController.swift; sourceTree = "<group>"; };
		E4E4DCCD1C796F4500278E89 /* retweet-action-green.png */ = {isa = PBXFileReference; lastKnownFileType = image.png; path = "retweet-action-green.png"; sourceTree = "<group>"; };
		E4E4DCCE1C796F4500278E89 /* retweet-action-grey.png */ = {isa = PBXFileReference; lastKnownFileType = image.png; path = "retweet-action-grey.png"; sourceTree = "<group>"; };
		F3FBBB9C12FAAF8185F5A3AB /* Pods_Twitter.framework */ = {isa = PBXFileReference; explicitFileType = wrapper.framework; includeInIndex = 0; path = Pods_Twitter.framework; sourceTree = BUILT_PRODUCTS_DIR; };
/* End PBXFileReference section */

/* Begin PBXFrameworksBuildPhase section */
		E4449CBD1C71609600EDE7F2 /* Frameworks */ = {
			isa = PBXFrameworksBuildPhase;
			buildActionMask = 2147483647;
			files = (
				AC7FE1EAC91A07C4B9ACDC6B /* Pods_Twitter.framework in Frameworks */,
			);
			runOnlyForDeploymentPostprocessing = 0;
		};
/* End PBXFrameworksBuildPhase section */

/* Begin PBXGroup section */
		221130F4C439221E89356702 /* Frameworks */ = {
			isa = PBXGroup;
			children = (
				F3FBBB9C12FAAF8185F5A3AB /* Pods_Twitter.framework */,
			);
			name = Frameworks;
			sourceTree = "<group>";
		};
		5278BC585B20912DAF2849D0 /* Pods */ = {
			isa = PBXGroup;
			children = (
				CC4B25D9EE858EE65F288E24 /* Pods-Twitter.debug.xcconfig */,
				267B8EFAA255E31B78AFE373 /* Pods-Twitter.release.xcconfig */,
			);
			name = Pods;
			sourceTree = "<group>";
		};
		E42A6F501C7827AE003A136F /* Models */ = {
			isa = PBXGroup;
			children = (
				E42A6F521C7827EE003A136F /* User.swift */,
				E42A6F541C7827F8003A136F /* Tweet.swift */,
				E42A6F591C792CCE003A136F /* CustomTableViewCell.swift */,
			);
			name = Models;
			sourceTree = "<group>";
		};
		E42A6F511C7827B3003A136F /* ViewControllers */ = {
			isa = PBXGroup;
			children = (
				E4449CC51C71609600EDE7F2 /* ViewController.swift */,
				E42A6F561C78F176003A136F /* TweetsViewController.swift */,
				E4BF74B61C81272A00EB7D9F /* TweetsDetailViewController.swift */,
				E4DD189D1C81B63800061068 /* ProfileViewController.swift */,
				E4DD189F1C82CDDA00061068 /* ComposeViewController.swift */,
			);
			name = ViewControllers;
			sourceTree = "<group>";
		};
		E42A6F5D1C796C97003A136F /* Images */ = {
			isa = PBXGroup;
			children = (
				E42A6F5B1C796C94003A136F /* like-action-pink.png */,
				E42A6F5E1C796CAB003A136F /* like-action-grey.png */,
				E4E4DCCD1C796F4500278E89 /* retweet-action-green.png */,
				E4E4DCCE1C796F4500278E89 /* retweet-action-grey.png */,
				E4BF74B81C81515600EB7D9F /* reply-action_0.png */,
			);
			name = Images;
			sourceTree = "<group>";
		};
		E4449CB71C71609600EDE7F2 = {
			isa = PBXGroup;
			children = (
				E4449CC21C71609600EDE7F2 /* Twitter */,
				E4449CC11C71609600EDE7F2 /* Products */,
				5278BC585B20912DAF2849D0 /* Pods */,
				221130F4C439221E89356702 /* Frameworks */,
			);
			sourceTree = "<group>";
		};
		E4449CC11C71609600EDE7F2 /* Products */ = {
			isa = PBXGroup;
			children = (
				E4449CC01C71609600EDE7F2 /* Twitter.app */,
			);
			name = Products;
			sourceTree = "<group>";
		};
		E4449CC21C71609600EDE7F2 /* Twitter */ = {
			isa = PBXGroup;
			children = (
				E42A6F5D1C796C97003A136F /* Images */,
				E42A6F501C7827AE003A136F /* Models */,
				E42A6F511C7827B3003A136F /* ViewControllers */,
				E4449CD51C7163F900EDE7F2 /* API */,
				E4449CC31C71609600EDE7F2 /* AppDelegate.swift */,
				E4449CC71C71609600EDE7F2 /* Main.storyboard */,
				E4449CCA1C71609600EDE7F2 /* Assets.xcassets */,
				E4449CCC1C71609600EDE7F2 /* LaunchScreen.storyboard */,
				E4449CCF1C71609600EDE7F2 /* Info.plist */,
			);
			path = Twitter;
			sourceTree = "<group>";
		};
		E4449CD51C7163F900EDE7F2 /* API */ = {
			isa = PBXGroup;
			children = (
				E4449CD61C71645000EDE7F2 /* TwitterClient.swift */,
			);
			name = API;
			sourceTree = "<group>";
		};
/* End PBXGroup section */

/* Begin PBXNativeTarget section */
		E4449CBF1C71609600EDE7F2 /* Twitter */ = {
			isa = PBXNativeTarget;
			buildConfigurationList = E4449CD21C71609600EDE7F2 /* Build configuration list for PBXNativeTarget "Twitter" */;
			buildPhases = (
				C72D041DB89EF230E6719758 /* Check Pods Manifest.lock */,
				E4449CBC1C71609600EDE7F2 /* Sources */,
				E4449CBD1C71609600EDE7F2 /* Frameworks */,
				E4449CBE1C71609600EDE7F2 /* Resources */,
				33ACD47F184E6B2713C38B58 /* Embed Pods Frameworks */,
				E8F9767137DE4F54A8EA7C2B /* Copy Pods Resources */,
			);
			buildRules = (
			);
			dependencies = (
			);
			name = Twitter;
			productName = Twitter;
			productReference = E4449CC01C71609600EDE7F2 /* Twitter.app */;
			productType = "com.apple.product-type.application";
		};
/* End PBXNativeTarget section */

/* Begin PBXProject section */
		E4449CB81C71609600EDE7F2 /* Project object */ = {
			isa = PBXProject;
			attributes = {
				LastSwiftUpdateCheck = 0720;
				LastUpgradeCheck = 0720;
				ORGANIZATIONNAME = LucasAndradeRibeiro;
				TargetAttributes = {
					E4449CBF1C71609600EDE7F2 = {
						CreatedOnToolsVersion = 7.2;
					};
				};
			};
			buildConfigurationList = E4449CBB1C71609600EDE7F2 /* Build configuration list for PBXProject "Twitter" */;
			compatibilityVersion = "Xcode 3.2";
			developmentRegion = English;
			hasScannedForEncodings = 0;
			knownRegions = (
				en,
				Base,
			);
			mainGroup = E4449CB71C71609600EDE7F2;
			productRefGroup = E4449CC11C71609600EDE7F2 /* Products */;
			projectDirPath = "";
			projectRoot = "";
			targets = (
				E4449CBF1C71609600EDE7F2 /* Twitter */,
			);
		};
/* End PBXProject section */

/* Begin PBXResourcesBuildPhase section */
		E4449CBE1C71609600EDE7F2 /* Resources */ = {
			isa = PBXResourcesBuildPhase;
			buildActionMask = 2147483647;
			files = (
				E4449CCE1C71609600EDE7F2 /* LaunchScreen.storyboard in Resources */,
				E4449CCB1C71609600EDE7F2 /* Assets.xcassets in Resources */,
				E42A6F5F1C796CAB003A136F /* like-action-grey.png in Resources */,
				E4BF74B91C81515600EB7D9F /* reply-action_0.png in Resources */,
				E4E4DCD01C796F4500278E89 /* retweet-action-grey.png in Resources */,
				E42A6F5C1C796C94003A136F /* like-action-pink.png in Resources */,
				E4E4DCCF1C796F4500278E89 /* retweet-action-green.png in Resources */,
				E4449CC91C71609600EDE7F2 /* Main.storyboard in Resources */,
			);
			runOnlyForDeploymentPostprocessing = 0;
		};
/* End PBXResourcesBuildPhase section */

/* Begin PBXShellScriptBuildPhase section */
		33ACD47F184E6B2713C38B58 /* Embed Pods Frameworks */ = {
			isa = PBXShellScriptBuildPhase;
			buildActionMask = 2147483647;
			files = (
			);
			inputPaths = (
			);
			name = "Embed Pods Frameworks";
			outputPaths = (
			);
			runOnlyForDeploymentPostprocessing = 0;
			shellPath = /bin/sh;
			shellScript = "\"${SRCROOT}/Pods/Target Support Files/Pods-Twitter/Pods-Twitter-frameworks.sh\"\n";
			showEnvVarsInLog = 0;
		};
		C72D041DB89EF230E6719758 /* Check Pods Manifest.lock */ = {
			isa = PBXShellScriptBuildPhase;
			buildActionMask = 2147483647;
			files = (
			);
			inputPaths = (
			);
			name = "Check Pods Manifest.lock";
			outputPaths = (
			);
			runOnlyForDeploymentPostprocessing = 0;
			shellPath = /bin/sh;
			shellScript = "diff \"${PODS_ROOT}/../Podfile.lock\" \"${PODS_ROOT}/Manifest.lock\" > /dev/null\nif [[ $? != 0 ]] ; then\n    cat << EOM\nerror: The sandbox is not in sync with the Podfile.lock. Run 'pod install' or update your CocoaPods installation.\nEOM\n    exit 1\nfi\n";
			showEnvVarsInLog = 0;
		};
		E8F9767137DE4F54A8EA7C2B /* Copy Pods Resources */ = {
			isa = PBXShellScriptBuildPhase;
			buildActionMask = 2147483647;
			files = (
			);
			inputPaths = (
			);
			name = "Copy Pods Resources";
			outputPaths = (
			);
			runOnlyForDeploymentPostprocessing = 0;
			shellPath = /bin/sh;
			shellScript = "\"${SRCROOT}/Pods/Target Support Files/Pods-Twitter/Pods-Twitter-resources.sh\"\n";
			showEnvVarsInLog = 0;
		};
/* End PBXShellScriptBuildPhase section */

/* Begin PBXSourcesBuildPhase section */
		E4449CBC1C71609600EDE7F2 /* Sources */ = {
			isa = PBXSourcesBuildPhase;
			buildActionMask = 2147483647;
			files = (
				E42A6F531C7827EE003A136F /* User.swift in Sources */,
				E42A6F551C7827F8003A136F /* Tweet.swift in Sources */,
				E4BF74B71C81272A00EB7D9F /* TweetsDetailViewController.swift in Sources */,
				E42A6F571C78F176003A136F /* TweetsViewController.swift in Sources */,
				E42A6F5A1C792CCE003A136F /* CustomTableViewCell.swift in Sources */,
				E4DD18A01C82CDDA00061068 /* ComposeViewController.swift in Sources */,
				E4449CC61C71609600EDE7F2 /* ViewController.swift in Sources */,
				E4DD189E1C81B63800061068 /* ProfileViewController.swift in Sources */,
				E4449CD71C71645000EDE7F2 /* TwitterClient.swift in Sources */,
				E4449CC41C71609600EDE7F2 /* AppDelegate.swift in Sources */,
			);
			runOnlyForDeploymentPostprocessing = 0;
		};
/* End PBXSourcesBuildPhase section */

/* Begin PBXVariantGroup section */
		E4449CC71C71609600EDE7F2 /* Main.storyboard */ = {
			isa = PBXVariantGroup;
			children = (
				E4449CC81C71609600EDE7F2 /* Base */,
			);
			name = Main.storyboard;
			sourceTree = "<group>";
		};
		E4449CCC1C71609600EDE7F2 /* LaunchScreen.storyboard */ = {
			isa = PBXVariantGroup;
			children = (
				E4449CCD1C71609600EDE7F2 /* Base */,
			);
			name = LaunchScreen.storyboard;
			sourceTree = "<group>";
		};
/* End PBXVariantGroup section */

/* Begin XCBuildConfiguration section */
		E4449CD01C71609600EDE7F2 /* Debug */ = {
			isa = XCBuildConfiguration;
			buildSettings = {
				ALWAYS_SEARCH_USER_PATHS = NO;
				CLANG_CXX_LANGUAGE_STANDARD = "gnu++0x";
				CLANG_CXX_LIBRARY = "libc++";
				CLANG_ENABLE_MODULES = YES;
				CLANG_ENABLE_OBJC_ARC = YES;
				CLANG_WARN_BOOL_CONVERSION = YES;
				CLANG_WARN_CONSTANT_CONVERSION = YES;
				CLANG_WARN_DIRECT_OBJC_ISA_USAGE = YES_ERROR;
				CLANG_WARN_EMPTY_BODY = YES;
				CLANG_WARN_ENUM_CONVERSION = YES;
				CLANG_WARN_INT_CONVERSION = YES;
				CLANG_WARN_OBJC_ROOT_CLASS = YES_ERROR;
				CLANG_WARN_UNREACHABLE_CODE = YES;
				CLANG_WARN__DUPLICATE_METHOD_MATCH = YES;
				"CODE_SIGN_IDENTITY[sdk=iphoneos*]" = "iPhone Developer";
				COPY_PHASE_STRIP = NO;
				DEBUG_INFORMATION_FORMAT = dwarf;
				ENABLE_STRICT_OBJC_MSGSEND = YES;
				ENABLE_TESTABILITY = YES;
				GCC_C_LANGUAGE_STANDARD = gnu99;
				GCC_DYNAMIC_NO_PIC = NO;
				GCC_NO_COMMON_BLOCKS = YES;
				GCC_OPTIMIZATION_LEVEL = 0;
				GCC_PREPROCESSOR_DEFINITIONS = (
					"DEBUG=1",
					"$(inherited)",
				);
				GCC_WARN_64_TO_32_BIT_CONVERSION = YES;
				GCC_WARN_ABOUT_RETURN_TYPE = YES_ERROR;
				GCC_WARN_UNDECLARED_SELECTOR = YES;
				GCC_WARN_UNINITIALIZED_AUTOS = YES_AGGRESSIVE;
				GCC_WARN_UNUSED_FUNCTION = YES;
				GCC_WARN_UNUSED_VARIABLE = YES;
				IPHONEOS_DEPLOYMENT_TARGET = 9.2;
				MTL_ENABLE_DEBUG_INFO = YES;
				ONLY_ACTIVE_ARCH = YES;
				SDKROOT = iphoneos;
				SWIFT_OPTIMIZATION_LEVEL = "-Onone";
			};
			name = Debug;
		};
		E4449CD11C71609600EDE7F2 /* Release */ = {
			isa = XCBuildConfiguration;
			buildSettings = {
				ALWAYS_SEARCH_USER_PATHS = NO;
				CLANG_CXX_LANGUAGE_STANDARD = "gnu++0x";
				CLANG_CXX_LIBRARY = "libc++";
				CLANG_ENABLE_MODULES = YES;
				CLANG_ENABLE_OBJC_ARC = YES;
				CLANG_WARN_BOOL_CONVERSION = YES;
				CLANG_WARN_CONSTANT_CONVERSION = YES;
				CLANG_WARN_DIRECT_OBJC_ISA_USAGE = YES_ERROR;
				CLANG_WARN_EMPTY_BODY = YES;
				CLANG_WARN_ENUM_CONVERSION = YES;
				CLANG_WARN_INT_CONVERSION = YES;
				CLANG_WARN_OBJC_ROOT_CLASS = YES_ERROR;
				CLANG_WARN_UNREACHABLE_CODE = YES;
				CLANG_WARN__DUPLICATE_METHOD_MATCH = YES;
				"CODE_SIGN_IDENTITY[sdk=iphoneos*]" = "iPhone Developer";
				COPY_PHASE_STRIP = NO;
				DEBUG_INFORMATION_FORMAT = "dwarf-with-dsym";
				ENABLE_NS_ASSERTIONS = NO;
				ENABLE_STRICT_OBJC_MSGSEND = YES;
				GCC_C_LANGUAGE_STANDARD = gnu99;
				GCC_NO_COMMON_BLOCKS = YES;
				GCC_WARN_64_TO_32_BIT_CONVERSION = YES;
				GCC_WARN_ABOUT_RETURN_TYPE = YES_ERROR;
				GCC_WARN_UNDECLARED_SELECTOR = YES;
				GCC_WARN_UNINITIALIZED_AUTOS = YES_AGGRESSIVE;
				GCC_WARN_UNUSED_FUNCTION = YES;
				GCC_WARN_UNUSED_VARIABLE = YES;
				IPHONEOS_DEPLOYMENT_TARGET = 9.2;
				MTL_ENABLE_DEBUG_INFO = NO;
				SDKROOT = iphoneos;
				VALIDATE_PRODUCT = YES;
			};
			name = Release;
		};
		E4449CD31C71609600EDE7F2 /* Debug */ = {
			isa = XCBuildConfiguration;
			baseConfigurationReference = CC4B25D9EE858EE65F288E24 /* Pods-Twitter.debug.xcconfig */;
			buildSettings = {
				ASSETCATALOG_COMPILER_APPICON_NAME = AppIcon;
				INFOPLIST_FILE = Twitter/Info.plist;
				LD_RUNPATH_SEARCH_PATHS = "$(inherited) @executable_path/Frameworks";
				PRODUCT_BUNDLE_IDENTIFIER = LucasAndradeRibeiro.Twitter;
				PRODUCT_NAME = "$(TARGET_NAME)";
				SWIFT_OPTIMIZATION_LEVEL = "-Onone";
			};
			name = Debug;
		};
		E4449CD41C71609600EDE7F2 /* Release */ = {
			isa = XCBuildConfiguration;
			baseConfigurationReference = 267B8EFAA255E31B78AFE373 /* Pods-Twitter.release.xcconfig */;
			buildSettings = {
				ASSETCATALOG_COMPILER_APPICON_NAME = AppIcon;
				INFOPLIST_FILE = Twitter/Info.plist;
				LD_RUNPATH_SEARCH_PATHS = "$(inherited) @executable_path/Frameworks";
				PRODUCT_BUNDLE_IDENTIFIER = LucasAndradeRibeiro.Twitter;
				PRODUCT_NAME = "$(TARGET_NAME)";
				SWIFT_OPTIMIZATION_LEVEL = "-Onone";
			};
			name = Release;
		};
/* End XCBuildConfiguration section */

/* Begin XCConfigurationList section */
		E4449CBB1C71609600EDE7F2 /* Build configuration list for PBXProject "Twitter" */ = {
			isa = XCConfigurationList;
			buildConfigurations = (
				E4449CD01C71609600EDE7F2 /* Debug */,
				E4449CD11C71609600EDE7F2 /* Release */,
			);
			defaultConfigurationIsVisible = 0;
			defaultConfigurationName = Release;
		};
		E4449CD21C71609600EDE7F2 /* Build configuration list for PBXNativeTarget "Twitter" */ = {
			isa = XCConfigurationList;
			buildConfigurations = (
				E4449CD31C71609600EDE7F2 /* Debug */,
				E4449CD41C71609600EDE7F2 /* Release */,
			);
			defaultConfigurationIsVisible = 0;
			defaultConfigurationName = Release;
		};
/* End XCConfigurationList section */
	};
	rootObject = E4449CB81C71609600EDE7F2 /* Project object */;
}
